
Microsoft Visual Studio Solution File, Format Version 12.00
# Visual Studio Version 17
VisualStudioVersion = 17.10.35122.118
MinimumVisualStudioVersion = 10.0.40219.1
Project("{9A19103F-16F7-4668-BE54-9A1E7A4F7556}") = "lesoftware.Server", "lesoftware.Server\lesoftware.Server.csproj", "{E21AD298-C601-4C65-AA62-E8D8A6816472}"
EndProject
Project("{54A90642-561A-4BB1-A94E-469ADEE60C69}") = "lesoftware.client", "lesoftware.client\lesoftware.client.esproj", "{EA42060D-8E52-4F21-81F4-9746A62B6C52}"
EndProject
Project("{2150E333-8FDC-42A3-9474-1A3956D46DE8}") = "Elementos de la solución", "Elementos de la solución", "{E8637C8F-52CF-4D81-8997-152A8A711B66}"
	ProjectSection(SolutionItems) = preProject
		railway.toml = railway.toml
	EndProjectSection
EndProject
Global
	GlobalSection(SolutionConfigurationPlatforms) = preSolution
		Debug|Any CPU = Debug|Any CPU
		Release|Any CPU = Release|Any CPU
	EndGlobalSection
	GlobalSection(ProjectConfigurationPlatforms) = postSolution
		{E21AD298-C601-4C65-AA62-E8D8A6816472}.Debug|Any CPU.ActiveCfg = Debug|Any CPU
		{E21AD298-C601-4C65-AA62-E8D8A6816472}.Debug|Any CPU.Build.0 = Debug|Any CPU
		{E21AD298-C601-4C65-AA62-E8D8A6816472}.Release|Any CPU.ActiveCfg = Release|Any CPU
		{E21AD298-C601-4C65-AA62-E8D8A6816472}.Release|Any CPU.Build.0 = Release|Any CPU
		{EA42060D-8E52-4F21-81F4-9746A62B6C52}.Debug|Any CPU.ActiveCfg = Debug|Any CPU
		{EA42060D-8E52-4F21-81F4-9746A62B6C52}.Debug|Any CPU.Build.0 = Debug|Any CPU
		{EA42060D-8E52-4F21-81F4-9746A62B6C52}.Debug|Any CPU.Deploy.0 = Debug|Any CPU
		{EA42060D-8E52-4F21-81F4-9746A62B6C52}.Release|Any CPU.ActiveCfg = Release|Any CPU
		{EA42060D-8E52-4F21-81F4-9746A62B6C52}.Release|Any CPU.Build.0 = Release|Any CPU
		{EA42060D-8E52-4F21-81F4-9746A62B6C52}.Release|Any CPU.Deploy.0 = Release|Any CPU
	EndGlobalSection
	GlobalSection(SolutionProperties) = preSolution
		HideSolutionNode = FALSE
	EndGlobalSection
	GlobalSection(ExtensibilityGlobals) = postSolution
		SolutionGuid = {A10E46C5-613F-4AF3-A034-F07630CDD12F}
	EndGlobalSection
EndGlobal
